// !$*UTF8*$!
{
	archiveVersion = 1;
	classes = {
	};
	objectVersion = 50;
	objects = {

/* Begin PBXBuildFile section */
		5B0D36882212531400ED4C62 /* Coord.swift in Sources */ = {isa = PBXBuildFile; fileRef = 5B0D36872212531400ED4C62 /* Coord.swift */; };
		5B0D368A2212533100ED4C62 /* Weather.swift in Sources */ = {isa = PBXBuildFile; fileRef = 5B0D36892212533100ED4C62 /* Weather.swift */; };
		5B0D368C221262A100ED4C62 /* CurrentWeatherList.swift in Sources */ = {isa = PBXBuildFile; fileRef = 5B0D368B221262A100ED4C62 /* CurrentWeatherList.swift */; };
		5B0D368F2212CF9D00ED4C62 /* WeatherViewModel.swift in Sources */ = {isa = PBXBuildFile; fileRef = 5B0D368E2212CF9D00ED4C62 /* WeatherViewModel.swift */; };
		5B0D3692221380ED00ED4C62 /* ServiceLocator.swift in Sources */ = {isa = PBXBuildFile; fileRef = 5B0D3691221380ED00ED4C62 /* ServiceLocator.swift */; };
		5B0D369422138BE500ED4C62 /* WeatherMainViewController.swift in Sources */ = {isa = PBXBuildFile; fileRef = 5B0D369322138BE500ED4C62 /* WeatherMainViewController.swift */; };
		5B3F91F02211840100423BA4 /* AppDelegate.swift in Sources */ = {isa = PBXBuildFile; fileRef = 5B3F91EF2211840100423BA4 /* AppDelegate.swift */; };
		5B3F91F22211840100423BA4 /* ViewController.swift in Sources */ = {isa = PBXBuildFile; fileRef = 5B3F91F12211840100423BA4 /* ViewController.swift */; };
		5B3F91F52211840100423BA4 /* Main.storyboard in Resources */ = {isa = PBXBuildFile; fileRef = 5B3F91F32211840100423BA4 /* Main.storyboard */; };
		5B3F91F72211840200423BA4 /* Assets.xcassets in Resources */ = {isa = PBXBuildFile; fileRef = 5B3F91F62211840200423BA4 /* Assets.xcassets */; };
		5B3F91FA2211840200423BA4 /* LaunchScreen.storyboard in Resources */ = {isa = PBXBuildFile; fileRef = 5B3F91F82211840200423BA4 /* LaunchScreen.storyboard */; };
		5B3F92052211840200423BA4 /* OpenWeatherTests.swift in Sources */ = {isa = PBXBuildFile; fileRef = 5B3F92042211840200423BA4 /* OpenWeatherTests.swift */; };
		5B3F92102211840200423BA4 /* OpenWeatherUITests.swift in Sources */ = {isa = PBXBuildFile; fileRef = 5B3F920F2211840200423BA4 /* OpenWeatherUITests.swift */; };
		5B3F9220221194EB00423BA4 /* ApiConfig.swift in Sources */ = {isa = PBXBuildFile; fileRef = 5B3F921F221194EB00423BA4 /* ApiConfig.swift */; };
		5B3F922522119A4500423BA4 /* GetCurrentWeatherService.swift in Sources */ = {isa = PBXBuildFile; fileRef = 5B3F922422119A4500423BA4 /* GetCurrentWeatherService.swift */; };
		5B8471FE22119E1200CB6607 /* CurrentWeather.swift in Sources */ = {isa = PBXBuildFile; fileRef = 5B8471FD22119E1200CB6607 /* CurrentWeather.swift */; };
		5B84720022119EED00CB6607 /* ApiError.swift in Sources */ = {isa = PBXBuildFile; fileRef = 5B8471FF22119EED00CB6607 /* ApiError.swift */; };
		5B8472022211A06F00CB6607 /* GetCurrentWeatherServiceImp.swift in Sources */ = {isa = PBXBuildFile; fileRef = 5B8472012211A06F00CB6607 /* GetCurrentWeatherServiceImp.swift */; };
		96DCF539EC2C73DDD0F92709 /* Pods_OpenWeatherTests.framework in Frameworks */ = {isa = PBXBuildFile; fileRef = 21F5A3CCF3F52E7F0BF42B95 /* Pods_OpenWeatherTests.framework */; };
		A96BC821C859CCE75C09FE42 /* Pods_OpenWeather.framework in Frameworks */ = {isa = PBXBuildFile; fileRef = 5129D7F47019CA20552FC6DA /* Pods_OpenWeather.framework */; };
		D82299D7F4A05F75A50EB4D0 /* Pods_OpenWeatherUITests.framework in Frameworks */ = {isa = PBXBuildFile; fileRef = 48D33DFF1565C5B8A5002591 /* Pods_OpenWeatherUITests.framework */; };
/* End PBXBuildFile section */

/* Begin PBXContainerItemProxy section */
		5B3F92012211840200423BA4 /* PBXContainerItemProxy */ = {
			isa = PBXContainerItemProxy;
			containerPortal = 5B3F91E42211840100423BA4 /* Project object */;
			proxyType = 1;
			remoteGlobalIDString = 5B3F91EB2211840100423BA4;
			remoteInfo = OpenWeather;
		};
		5B3F920C2211840200423BA4 /* PBXContainerItemProxy */ = {
			isa = PBXContainerItemProxy;
			containerPortal = 5B3F91E42211840100423BA4 /* Project object */;
			proxyType = 1;
			remoteGlobalIDString = 5B3F91EB2211840100423BA4;
			remoteInfo = OpenWeather;
		};
/* End PBXContainerItemProxy section */

/* Begin PBXFileReference section */
		21F5A3CCF3F52E7F0BF42B95 /* Pods_OpenWeatherTests.framework */ = {isa = PBXFileReference; explicitFileType = wrapper.framework; includeInIndex = 0; path = Pods_OpenWeatherTests.framework; sourceTree = BUILT_PRODUCTS_DIR; };
		2D168BC0623E08ACEE76ECFA /* Pods-OpenWeatherTests.debug.xcconfig */ = {isa = PBXFileReference; includeInIndex = 1; lastKnownFileType = text.xcconfig; name = "Pods-OpenWeatherTests.debug.xcconfig"; path = "Pods/Target Support Files/Pods-OpenWeatherTests/Pods-OpenWeatherTests.debug.xcconfig"; sourceTree = "<group>"; };
		48D33DFF1565C5B8A5002591 /* Pods_OpenWeatherUITests.framework */ = {isa = PBXFileReference; explicitFileType = wrapper.framework; includeInIndex = 0; path = Pods_OpenWeatherUITests.framework; sourceTree = BUILT_PRODUCTS_DIR; };
		50D99413EBB6EC853BF6D958 /* Pods-OpenWeatherUITests.release.xcconfig */ = {isa = PBXFileReference; includeInIndex = 1; lastKnownFileType = text.xcconfig; name = "Pods-OpenWeatherUITests.release.xcconfig"; path = "Pods/Target Support Files/Pods-OpenWeatherUITests/Pods-OpenWeatherUITests.release.xcconfig"; sourceTree = "<group>"; };
		5129D7F47019CA20552FC6DA /* Pods_OpenWeather.framework */ = {isa = PBXFileReference; explicitFileType = wrapper.framework; includeInIndex = 0; path = Pods_OpenWeather.framework; sourceTree = BUILT_PRODUCTS_DIR; };
		5B0D36872212531400ED4C62 /* Coord.swift */ = {isa = PBXFileReference; lastKnownFileType = sourcecode.swift; path = Coord.swift; sourceTree = "<group>"; };
		5B0D36892212533100ED4C62 /* Weather.swift */ = {isa = PBXFileReference; lastKnownFileType = sourcecode.swift; path = Weather.swift; sourceTree = "<group>"; };
		5B0D368B221262A100ED4C62 /* CurrentWeatherList.swift */ = {isa = PBXFileReference; lastKnownFileType = sourcecode.swift; path = CurrentWeatherList.swift; sourceTree = "<group>"; };
		5B0D368E2212CF9D00ED4C62 /* WeatherViewModel.swift */ = {isa = PBXFileReference; lastKnownFileType = sourcecode.swift; path = WeatherViewModel.swift; sourceTree = "<group>"; };
		5B0D3691221380ED00ED4C62 /* ServiceLocator.swift */ = {isa = PBXFileReference; lastKnownFileType = sourcecode.swift; path = ServiceLocator.swift; sourceTree = "<group>"; };
		5B0D369322138BE500ED4C62 /* WeatherMainViewController.swift */ = {isa = PBXFileReference; lastKnownFileType = sourcecode.swift; path = WeatherMainViewController.swift; sourceTree = "<group>"; };
		5B3F91EC2211840100423BA4 /* OpenWeather.app */ = {isa = PBXFileReference; explicitFileType = wrapper.application; includeInIndex = 0; path = OpenWeather.app; sourceTree = BUILT_PRODUCTS_DIR; };
		5B3F91EF2211840100423BA4 /* AppDelegate.swift */ = {isa = PBXFileReference; lastKnownFileType = sourcecode.swift; path = AppDelegate.swift; sourceTree = "<group>"; };
		5B3F91F12211840100423BA4 /* ViewController.swift */ = {isa = PBXFileReference; lastKnownFileType = sourcecode.swift; path = ViewController.swift; sourceTree = "<group>"; };
		5B3F91F42211840100423BA4 /* Base */ = {isa = PBXFileReference; lastKnownFileType = file.storyboard; name = Base; path = Base.lproj/Main.storyboard; sourceTree = "<group>"; };
		5B3F91F62211840200423BA4 /* Assets.xcassets */ = {isa = PBXFileReference; lastKnownFileType = folder.assetcatalog; path = Assets.xcassets; sourceTree = "<group>"; };
		5B3F91F92211840200423BA4 /* Base */ = {isa = PBXFileReference; lastKnownFileType = file.storyboard; name = Base; path = Base.lproj/LaunchScreen.storyboard; sourceTree = "<group>"; };
		5B3F91FB2211840200423BA4 /* Info.plist */ = {isa = PBXFileReference; lastKnownFileType = text.plist.xml; path = Info.plist; sourceTree = "<group>"; };
		5B3F92002211840200423BA4 /* OpenWeatherTests.xctest */ = {isa = PBXFileReference; explicitFileType = wrapper.cfbundle; includeInIndex = 0; path = OpenWeatherTests.xctest; sourceTree = BUILT_PRODUCTS_DIR; };
		5B3F92042211840200423BA4 /* OpenWeatherTests.swift */ = {isa = PBXFileReference; lastKnownFileType = sourcecode.swift; path = OpenWeatherTests.swift; sourceTree = "<group>"; };
		5B3F92062211840200423BA4 /* Info.plist */ = {isa = PBXFileReference; lastKnownFileType = text.plist.xml; path = Info.plist; sourceTree = "<group>"; };
		5B3F920B2211840200423BA4 /* OpenWeatherUITests.xctest */ = {isa = PBXFileReference; explicitFileType = wrapper.cfbundle; includeInIndex = 0; path = OpenWeatherUITests.xctest; sourceTree = BUILT_PRODUCTS_DIR; };
		5B3F920F2211840200423BA4 /* OpenWeatherUITests.swift */ = {isa = PBXFileReference; lastKnownFileType = sourcecode.swift; path = OpenWeatherUITests.swift; sourceTree = "<group>"; };
		5B3F92112211840200423BA4 /* Info.plist */ = {isa = PBXFileReference; lastKnownFileType = text.plist.xml; path = Info.plist; sourceTree = "<group>"; };
		5B3F921F221194EB00423BA4 /* ApiConfig.swift */ = {isa = PBXFileReference; lastKnownFileType = sourcecode.swift; path = ApiConfig.swift; sourceTree = "<group>"; };
		5B3F922422119A4500423BA4 /* GetCurrentWeatherService.swift */ = {isa = PBXFileReference; lastKnownFileType = sourcecode.swift; path = GetCurrentWeatherService.swift; sourceTree = "<group>"; };
		5B8471FD22119E1200CB6607 /* CurrentWeather.swift */ = {isa = PBXFileReference; lastKnownFileType = sourcecode.swift; path = CurrentWeather.swift; sourceTree = "<group>"; };
		5B8471FF22119EED00CB6607 /* ApiError.swift */ = {isa = PBXFileReference; lastKnownFileType = sourcecode.swift; path = ApiError.swift; sourceTree = "<group>"; };
		5B8472012211A06F00CB6607 /* GetCurrentWeatherServiceImp.swift */ = {isa = PBXFileReference; lastKnownFileType = sourcecode.swift; path = GetCurrentWeatherServiceImp.swift; sourceTree = "<group>"; };
		70623929E92AC85ECACCD6E9 /* Pods-OpenWeather.debug.xcconfig */ = {isa = PBXFileReference; includeInIndex = 1; lastKnownFileType = text.xcconfig; name = "Pods-OpenWeather.debug.xcconfig"; path = "Pods/Target Support Files/Pods-OpenWeather/Pods-OpenWeather.debug.xcconfig"; sourceTree = "<group>"; };
		BEBAA99492AD26043A6531F1 /* Pods-OpenWeatherTests.release.xcconfig */ = {isa = PBXFileReference; includeInIndex = 1; lastKnownFileType = text.xcconfig; name = "Pods-OpenWeatherTests.release.xcconfig"; path = "Pods/Target Support Files/Pods-OpenWeatherTests/Pods-OpenWeatherTests.release.xcconfig"; sourceTree = "<group>"; };
		D5482E5FF16299FB76616515 /* Pods-OpenWeatherUITests.debug.xcconfig */ = {isa = PBXFileReference; includeInIndex = 1; lastKnownFileType = text.xcconfig; name = "Pods-OpenWeatherUITests.debug.xcconfig"; path = "Pods/Target Support Files/Pods-OpenWeatherUITests/Pods-OpenWeatherUITests.debug.xcconfig"; sourceTree = "<group>"; };
		FE345AF8B51F191B9DA89C7F /* Pods-OpenWeather.release.xcconfig */ = {isa = PBXFileReference; includeInIndex = 1; lastKnownFileType = text.xcconfig; name = "Pods-OpenWeather.release.xcconfig"; path = "Pods/Target Support Files/Pods-OpenWeather/Pods-OpenWeather.release.xcconfig"; sourceTree = "<group>"; };
/* End PBXFileReference section */

/* Begin PBXFrameworksBuildPhase section */
		5B3F91E92211840100423BA4 /* Frameworks */ = {
			isa = PBXFrameworksBuildPhase;
			buildActionMask = 2147483647;
			files = (
				A96BC821C859CCE75C09FE42 /* Pods_OpenWeather.framework in Frameworks */,
			);
			runOnlyForDeploymentPostprocessing = 0;
		};
		5B3F91FD2211840200423BA4 /* Frameworks */ = {
			isa = PBXFrameworksBuildPhase;
			buildActionMask = 2147483647;
			files = (
				96DCF539EC2C73DDD0F92709 /* Pods_OpenWeatherTests.framework in Frameworks */,
			);
			runOnlyForDeploymentPostprocessing = 0;
		};
		5B3F92082211840200423BA4 /* Frameworks */ = {
			isa = PBXFrameworksBuildPhase;
			buildActionMask = 2147483647;
			files = (
				D82299D7F4A05F75A50EB4D0 /* Pods_OpenWeatherUITests.framework in Frameworks */,
			);
			runOnlyForDeploymentPostprocessing = 0;
		};
/* End PBXFrameworksBuildPhase section */

/* Begin PBXGroup section */
		5B0D368D2212CF2B00ED4C62 /* ViewModels */ = {
			isa = PBXGroup;
			children = (
				5B0D368E2212CF9D00ED4C62 /* WeatherViewModel.swift */,
			);
			path = ViewModels;
			sourceTree = "<group>";
		};
		5B0D3690221380D400ED4C62 /* ServiceLocator */ = {
			isa = PBXGroup;
			children = (
				5B0D3691221380ED00ED4C62 /* ServiceLocator.swift */,
			);
			path = ServiceLocator;
			sourceTree = "<group>";
		};
		5B3F91E32211840100423BA4 = {
			isa = PBXGroup;
			children = (
				5B3F91EE2211840100423BA4 /* OpenWeather */,
				5B3F92032211840200423BA4 /* OpenWeatherTests */,
				5B3F920E2211840200423BA4 /* OpenWeatherUITests */,
				5B3F91ED2211840100423BA4 /* Products */,
				704864082796B7C2526EDD25 /* Pods */,
				FD8B53DE1DE95893D135AC34 /* Frameworks */,
			);
			sourceTree = "<group>";
		};
		5B3F91ED2211840100423BA4 /* Products */ = {
			isa = PBXGroup;
			children = (
				5B3F91EC2211840100423BA4 /* OpenWeather.app */,
				5B3F92002211840200423BA4 /* OpenWeatherTests.xctest */,
				5B3F920B2211840200423BA4 /* OpenWeatherUITests.xctest */,
			);
			name = Products;
			sourceTree = "<group>";
		};
		5B3F91EE2211840100423BA4 /* OpenWeather */ = {
			isa = PBXGroup;
			children = (
				5B0D3690221380D400ED4C62 /* ServiceLocator */,
				5B0D368D2212CF2B00ED4C62 /* ViewModels */,
				5B8471FC22119DF900CB6607 /* Models */,
				5B3F92212211994E00423BA4 /* Services */,
				5B3F921E221194B800423BA4 /* API */,
				5B3F91EF2211840100423BA4 /* AppDelegate.swift */,
				5B3F91F12211840100423BA4 /* ViewController.swift */,
				5B0D369322138BE500ED4C62 /* WeatherMainViewController.swift */,
				5B3F91F32211840100423BA4 /* Main.storyboard */,
				5B3F91F62211840200423BA4 /* Assets.xcassets */,
				5B3F91F82211840200423BA4 /* LaunchScreen.storyboard */,
				5B3F91FB2211840200423BA4 /* Info.plist */,
			);
			path = OpenWeather;
			sourceTree = "<group>";
		};
		5B3F92032211840200423BA4 /* OpenWeatherTests */ = {
			isa = PBXGroup;
			children = (
				5B3F92042211840200423BA4 /* OpenWeatherTests.swift */,
				5B3F92062211840200423BA4 /* Info.plist */,
			);
			path = OpenWeatherTests;
			sourceTree = "<group>";
		};
		5B3F920E2211840200423BA4 /* OpenWeatherUITests */ = {
			isa = PBXGroup;
			children = (
				5B3F920F2211840200423BA4 /* OpenWeatherUITests.swift */,
				5B3F92112211840200423BA4 /* Info.plist */,
			);
			path = OpenWeatherUITests;
			sourceTree = "<group>";
		};
		5B3F921E221194B800423BA4 /* API */ = {
			isa = PBXGroup;
			children = (
				5B3F921F221194EB00423BA4 /* ApiConfig.swift */,
				5B8471FF22119EED00CB6607 /* ApiError.swift */,
			);
			path = API;
			sourceTree = "<group>";
		};
		5B3F92212211994E00423BA4 /* Services */ = {
			isa = PBXGroup;
			children = (
				5B3F922422119A4500423BA4 /* GetCurrentWeatherService.swift */,
				5B8472012211A06F00CB6607 /* GetCurrentWeatherServiceImp.swift */,
			);
			path = Services;
			sourceTree = "<group>";
		};
		5B8471FC22119DF900CB6607 /* Models */ = {
			isa = PBXGroup;
			children = (
				5B8471FD22119E1200CB6607 /* CurrentWeather.swift */,
				5B0D36872212531400ED4C62 /* Coord.swift */,
				5B0D36892212533100ED4C62 /* Weather.swift */,
				5B0D368B221262A100ED4C62 /* CurrentWeatherList.swift */,
			);
			path = Models;
			sourceTree = "<group>";
		};
		704864082796B7C2526EDD25 /* Pods */ = {
			isa = PBXGroup;
			children = (
				70623929E92AC85ECACCD6E9 /* Pods-OpenWeather.debug.xcconfig */,
				FE345AF8B51F191B9DA89C7F /* Pods-OpenWeather.release.xcconfig */,
				2D168BC0623E08ACEE76ECFA /* Pods-OpenWeatherTests.debug.xcconfig */,
				BEBAA99492AD26043A6531F1 /* Pods-OpenWeatherTests.release.xcconfig */,
				D5482E5FF16299FB76616515 /* Pods-OpenWeatherUITests.debug.xcconfig */,
				50D99413EBB6EC853BF6D958 /* Pods-OpenWeatherUITests.release.xcconfig */,
			);
			name = Pods;
			sourceTree = "<group>";
		};
		FD8B53DE1DE95893D135AC34 /* Frameworks */ = {
			isa = PBXGroup;
			children = (
				5129D7F47019CA20552FC6DA /* Pods_OpenWeather.framework */,
				21F5A3CCF3F52E7F0BF42B95 /* Pods_OpenWeatherTests.framework */,
				48D33DFF1565C5B8A5002591 /* Pods_OpenWeatherUITests.framework */,
			);
			name = Frameworks;
			sourceTree = "<group>";
		};
/* End PBXGroup section */

/* Begin PBXNativeTarget section */
		5B3F91EB2211840100423BA4 /* OpenWeather */ = {
			isa = PBXNativeTarget;
			buildConfigurationList = 5B3F92142211840200423BA4 /* Build configuration list for PBXNativeTarget "OpenWeather" */;
			buildPhases = (
				C01F6A478324EEF4B8B2E543 /* [CP] Check Pods Manifest.lock */,
				5B3F91E82211840100423BA4 /* Sources */,
				5B3F91E92211840100423BA4 /* Frameworks */,
				5B3F91EA2211840100423BA4 /* Resources */,
				8E4283E0F460BB1C71F4F0A3 /* [CP] Embed Pods Frameworks */,
			);
			buildRules = (
			);
			dependencies = (
			);
			name = OpenWeather;
			productName = OpenWeather;
			productReference = 5B3F91EC2211840100423BA4 /* OpenWeather.app */;
			productType = "com.apple.product-type.application";
		};
		5B3F91FF2211840200423BA4 /* OpenWeatherTests */ = {
			isa = PBXNativeTarget;
			buildConfigurationList = 5B3F92172211840200423BA4 /* Build configuration list for PBXNativeTarget "OpenWeatherTests" */;
			buildPhases = (
				8192AFA596D89848399F0B2F /* [CP] Check Pods Manifest.lock */,
				5B3F91FC2211840200423BA4 /* Sources */,
				5B3F91FD2211840200423BA4 /* Frameworks */,
				5B3F91FE2211840200423BA4 /* Resources */,
			);
			buildRules = (
			);
			dependencies = (
				5B3F92022211840200423BA4 /* PBXTargetDependency */,
			);
			name = OpenWeatherTests;
			productName = OpenWeatherTests;
			productReference = 5B3F92002211840200423BA4 /* OpenWeatherTests.xctest */;
			productType = "com.apple.product-type.bundle.unit-test";
		};
		5B3F920A2211840200423BA4 /* OpenWeatherUITests */ = {
			isa = PBXNativeTarget;
			buildConfigurationList = 5B3F921A2211840200423BA4 /* Build configuration list for PBXNativeTarget "OpenWeatherUITests" */;
			buildPhases = (
				76CF7C8CF0D1676B026EBC01 /* [CP] Check Pods Manifest.lock */,
				5B3F92072211840200423BA4 /* Sources */,
				5B3F92082211840200423BA4 /* Frameworks */,
				5B3F92092211840200423BA4 /* Resources */,
			);
			buildRules = (
			);
			dependencies = (
				5B3F920D2211840200423BA4 /* PBXTargetDependency */,
			);
			name = OpenWeatherUITests;
			productName = OpenWeatherUITests;
			productReference = 5B3F920B2211840200423BA4 /* OpenWeatherUITests.xctest */;
			productType = "com.apple.product-type.bundle.ui-testing";
		};
/* End PBXNativeTarget section */

/* Begin PBXProject section */
		5B3F91E42211840100423BA4 /* Project object */ = {
			isa = PBXProject;
			attributes = {
				LastSwiftUpdateCheck = 1010;
				LastUpgradeCheck = 1010;
				ORGANIZATIONNAME = "Rodrigo Goncalez";
				TargetAttributes = {
					5B3F91EB2211840100423BA4 = {
						CreatedOnToolsVersion = 10.1;
					};
					5B3F91FF2211840200423BA4 = {
						CreatedOnToolsVersion = 10.1;
						TestTargetID = 5B3F91EB2211840100423BA4;
					};
					5B3F920A2211840200423BA4 = {
						CreatedOnToolsVersion = 10.1;
						TestTargetID = 5B3F91EB2211840100423BA4;
					};
				};
			};
			buildConfigurationList = 5B3F91E72211840100423BA4 /* Build configuration list for PBXProject "OpenWeather" */;
			compatibilityVersion = "Xcode 9.3";
			developmentRegion = en;
			hasScannedForEncodings = 0;
			knownRegions = (
				en,
				Base,
			);
			mainGroup = 5B3F91E32211840100423BA4;
			productRefGroup = 5B3F91ED2211840100423BA4 /* Products */;
			projectDirPath = "";
			projectRoot = "";
			targets = (
				5B3F91EB2211840100423BA4 /* OpenWeather */,
				5B3F91FF2211840200423BA4 /* OpenWeatherTests */,
				5B3F920A2211840200423BA4 /* OpenWeatherUITests */,
			);
		};
/* End PBXProject section */

/* Begin PBXResourcesBuildPhase section */
		5B3F91EA2211840100423BA4 /* Resources */ = {
			isa = PBXResourcesBuildPhase;
			buildActionMask = 2147483647;
			files = (
				5B3F91FA2211840200423BA4 /* LaunchScreen.storyboard in Resources */,
				5B3F91F72211840200423BA4 /* Assets.xcassets in Resources */,
				5B3F91F52211840100423BA4 /* Main.storyboard in Resources */,
			);
			runOnlyForDeploymentPostprocessing = 0;
		};
		5B3F91FE2211840200423BA4 /* Resources */ = {
			isa = PBXResourcesBuildPhase;
			buildActionMask = 2147483647;
			files = (
			);
			runOnlyForDeploymentPostprocessing = 0;
		};
		5B3F92092211840200423BA4 /* Resources */ = {
			isa = PBXResourcesBuildPhase;
			buildActionMask = 2147483647;
			files = (
			);
			runOnlyForDeploymentPostprocessing = 0;
		};
/* End PBXResourcesBuildPhase section */

/* Begin PBXShellScriptBuildPhase section */
		76CF7C8CF0D1676B026EBC01 /* [CP] Check Pods Manifest.lock */ = {
			isa = PBXShellScriptBuildPhase;
			buildActionMask = 2147483647;
			files = (
			);
			inputFileListPaths = (
			);
			inputPaths = (
				"${PODS_PODFILE_DIR_PATH}/Podfile.lock",
				"${PODS_ROOT}/Manifest.lock",
			);
			name = "[CP] Check Pods Manifest.lock";
			outputFileListPaths = (
			);
			outputPaths = (
				"$(DERIVED_FILE_DIR)/Pods-OpenWeatherUITests-checkManifestLockResult.txt",
			);
			runOnlyForDeploymentPostprocessing = 0;
			shellPath = /bin/sh;
			shellScript = "diff \"${PODS_PODFILE_DIR_PATH}/Podfile.lock\" \"${PODS_ROOT}/Manifest.lock\" > /dev/null\nif [ $? != 0 ] ; then\n    # print error to STDERR\n    echo \"error: The sandbox is not in sync with the Podfile.lock. Run 'pod install' or update your CocoaPods installation.\" >&2\n    exit 1\nfi\n# This output is used by Xcode 'outputs' to avoid re-running this script phase.\necho \"SUCCESS\" > \"${SCRIPT_OUTPUT_FILE_0}\"\n";
			showEnvVarsInLog = 0;
		};
		8192AFA596D89848399F0B2F /* [CP] Check Pods Manifest.lock */ = {
			isa = PBXShellScriptBuildPhase;
			buildActionMask = 2147483647;
			files = (
			);
			inputFileListPaths = (
			);
			inputPaths = (
				"${PODS_PODFILE_DIR_PATH}/Podfile.lock",
				"${PODS_ROOT}/Manifest.lock",
			);
			name = "[CP] Check Pods Manifest.lock";
			outputFileListPaths = (
			);
			outputPaths = (
				"$(DERIVED_FILE_DIR)/Pods-OpenWeatherTests-checkManifestLockResult.txt",
			);
			runOnlyForDeploymentPostprocessing = 0;
			shellPath = /bin/sh;
			shellScript = "diff \"${PODS_PODFILE_DIR_PATH}/Podfile.lock\" \"${PODS_ROOT}/Manifest.lock\" > /dev/null\nif [ $? != 0 ] ; then\n    # print error to STDERR\n    echo \"error: The sandbox is not in sync with the Podfile.lock. Run 'pod install' or update your CocoaPods installation.\" >&2\n    exit 1\nfi\n# This output is used by Xcode 'outputs' to avoid re-running this script phase.\necho \"SUCCESS\" > \"${SCRIPT_OUTPUT_FILE_0}\"\n";
			showEnvVarsInLog = 0;
		};
		8E4283E0F460BB1C71F4F0A3 /* [CP] Embed Pods Frameworks */ = {
			isa = PBXShellScriptBuildPhase;
			buildActionMask = 2147483647;
			files = (
			);
			inputFileListPaths = (
			);
			inputPaths = (
				"${SRCROOT}/Pods/Target Support Files/Pods-OpenWeather/Pods-OpenWeather-frameworks.sh",
				"${BUILT_PRODUCTS_DIR}/Alamofire/Alamofire.framework",
				"${BUILT_PRODUCTS_DIR}/Unbox/Unbox.framework",
			);
			name = "[CP] Embed Pods Frameworks";
			outputFileListPaths = (
			);
			outputPaths = (
				"${TARGET_BUILD_DIR}/${FRAMEWORKS_FOLDER_PATH}/Alamofire.framework",
				"${TARGET_BUILD_DIR}/${FRAMEWORKS_FOLDER_PATH}/Unbox.framework",
			);
			runOnlyForDeploymentPostprocessing = 0;
			shellPath = /bin/sh;
			shellScript = "\"${SRCROOT}/Pods/Target Support Files/Pods-OpenWeather/Pods-OpenWeather-frameworks.sh\"\n";
			showEnvVarsInLog = 0;
		};
		C01F6A478324EEF4B8B2E543 /* [CP] Check Pods Manifest.lock */ = {
			isa = PBXShellScriptBuildPhase;
			buildActionMask = 2147483647;
			files = (
			);
			inputFileListPaths = (
			);
			inputPaths = (
				"${PODS_PODFILE_DIR_PATH}/Podfile.lock",
				"${PODS_ROOT}/Manifest.lock",
			);
			name = "[CP] Check Pods Manifest.lock";
			outputFileListPaths = (
			);
			outputPaths = (
				"$(DERIVED_FILE_DIR)/Pods-OpenWeather-checkManifestLockResult.txt",
			);
			runOnlyForDeploymentPostprocessing = 0;
			shellPath = /bin/sh;
			shellScript = "diff \"${PODS_PODFILE_DIR_PATH}/Podfile.lock\" \"${PODS_ROOT}/Manifest.lock\" > /dev/null\nif [ $? != 0 ] ; then\n    # print error to STDERR\n    echo \"error: The sandbox is not in sync with the Podfile.lock. Run 'pod install' or update your CocoaPods installation.\" >&2\n    exit 1\nfi\n# This output is used by Xcode 'outputs' to avoid re-running this script phase.\necho \"SUCCESS\" > \"${SCRIPT_OUTPUT_FILE_0}\"\n";
			showEnvVarsInLog = 0;
		};
/* End PBXShellScriptBuildPhase section */

/* Begin PBXSourcesBuildPhase section */
		5B3F91E82211840100423BA4 /* Sources */ = {
			isa = PBXSourcesBuildPhase;
			buildActionMask = 2147483647;
			files = (
				5B0D3692221380ED00ED4C62 /* ServiceLocator.swift in Sources */,
				5B0D368C221262A100ED4C62 /* CurrentWeatherList.swift in Sources */,
				5B3F91F22211840100423BA4 /* ViewController.swift in Sources */,
				5B8471FE22119E1200CB6607 /* CurrentWeather.swift in Sources */,
				5B0D368F2212CF9D00ED4C62 /* WeatherViewModel.swift in Sources */,
				5B3F922522119A4500423BA4 /* GetCurrentWeatherService.swift in Sources */,
				5B3F91F02211840100423BA4 /* AppDelegate.swift in Sources */,
				5B0D369422138BE500ED4C62 /* WeatherMainViewController.swift in Sources */,
				5B0D368A2212533100ED4C62 /* Weather.swift in Sources */,
				5B3F9220221194EB00423BA4 /* ApiConfig.swift in Sources */,
				5B0D36882212531400ED4C62 /* Coord.swift in Sources */,
				5B8472022211A06F00CB6607 /* GetCurrentWeatherServiceImp.swift in Sources */,
				5B84720022119EED00CB6607 /* ApiError.swift in Sources */,
			);
			runOnlyForDeploymentPostprocessing = 0;
		};
		5B3F91FC2211840200423BA4 /* Sources */ = {
			isa = PBXSourcesBuildPhase;
			buildActionMask = 2147483647;
			files = (
				5B3F92052211840200423BA4 /* OpenWeatherTests.swift in Sources */,
			);
			runOnlyForDeploymentPostprocessing = 0;
		};
		5B3F92072211840200423BA4 /* Sources */ = {
			isa = PBXSourcesBuildPhase;
			buildActionMask = 2147483647;
			files = (
				5B3F92102211840200423BA4 /* OpenWeatherUITests.swift in Sources */,
			);
			runOnlyForDeploymentPostprocessing = 0;
		};
/* End PBXSourcesBuildPhase section */

/* Begin PBXTargetDependency section */
		5B3F92022211840200423BA4 /* PBXTargetDependency */ = {
			isa = PBXTargetDependency;
			target = 5B3F91EB2211840100423BA4 /* OpenWeather */;
			targetProxy = 5B3F92012211840200423BA4 /* PBXContainerItemProxy */;
		};
		5B3F920D2211840200423BA4 /* PBXTargetDependency */ = {
			isa = PBXTargetDependency;
			target = 5B3F91EB2211840100423BA4 /* OpenWeather */;
			targetProxy = 5B3F920C2211840200423BA4 /* PBXContainerItemProxy */;
		};
/* End PBXTargetDependency section */

/* Begin PBXVariantGroup section */
		5B3F91F32211840100423BA4 /* Main.storyboard */ = {
			isa = PBXVariantGroup;
			children = (
				5B3F91F42211840100423BA4 /* Base */,
			);
			name = Main.storyboard;
			sourceTree = "<group>";
		};
		5B3F91F82211840200423BA4 /* LaunchScreen.storyboard */ = {
			isa = PBXVariantGroup;
			children = (
				5B3F91F92211840200423BA4 /* Base */,
			);
			name = LaunchScreen.storyboard;
			sourceTree = "<group>";
		};
/* End PBXVariantGroup section */

/* Begin XCBuildConfiguration section */
		5B3F92122211840200423BA4 /* Debug */ = {
			isa = XCBuildConfiguration;
			buildSettings = {
				ALWAYS_SEARCH_USER_PATHS = NO;
				CLANG_ANALYZER_NONNULL = YES;
				CLANG_ANALYZER_NUMBER_OBJECT_CONVERSION = YES_AGGRESSIVE;
				CLANG_CXX_LANGUAGE_STANDARD = "gnu++14";
				CLANG_CXX_LIBRARY = "libc++";
				CLANG_ENABLE_MODULES = YES;
				CLANG_ENABLE_OBJC_ARC = YES;
				CLANG_ENABLE_OBJC_WEAK = YES;
				CLANG_WARN_BLOCK_CAPTURE_AUTORELEASING = YES;
				CLANG_WARN_BOOL_CONVERSION = YES;
				CLANG_WARN_COMMA = YES;
				CLANG_WARN_CONSTANT_CONVERSION = YES;
				CLANG_WARN_DEPRECATED_OBJC_IMPLEMENTATIONS = YES;
				CLANG_WARN_DIRECT_OBJC_ISA_USAGE = YES_ERROR;
				CLANG_WARN_DOCUMENTATION_COMMENTS = YES;
				CLANG_WARN_EMPTY_BODY = YES;
				CLANG_WARN_ENUM_CONVERSION = YES;
				CLANG_WARN_INFINITE_RECURSION = YES;
				CLANG_WARN_INT_CONVERSION = YES;
				CLANG_WARN_NON_LITERAL_NULL_CONVERSION = YES;
				CLANG_WARN_OBJC_IMPLICIT_RETAIN_SELF = YES;
				CLANG_WARN_OBJC_LITERAL_CONVERSION = YES;
				CLANG_WARN_OBJC_ROOT_CLASS = YES_ERROR;
				CLANG_WARN_RANGE_LOOP_ANALYSIS = YES;
				CLANG_WARN_STRICT_PROTOTYPES = YES;
				CLANG_WARN_SUSPICIOUS_MOVE = YES;
				CLANG_WARN_UNGUARDED_AVAILABILITY = YES_AGGRESSIVE;
				CLANG_WARN_UNREACHABLE_CODE = YES;
				CLANG_WARN__DUPLICATE_METHOD_MATCH = YES;
				CODE_SIGN_IDENTITY = "iPhone Developer";
				COPY_PHASE_STRIP = NO;
				DEBUG_INFORMATION_FORMAT = dwarf;
				ENABLE_STRICT_OBJC_MSGSEND = YES;
				ENABLE_TESTABILITY = YES;
				GCC_C_LANGUAGE_STANDARD = gnu11;
				GCC_DYNAMIC_NO_PIC = NO;
				GCC_NO_COMMON_BLOCKS = YES;
				GCC_OPTIMIZATION_LEVEL = 0;
				GCC_PREPROCESSOR_DEFINITIONS = (
					"DEBUG=1",
					"$(inherited)",
				);
				GCC_WARN_64_TO_32_BIT_CONVERSION = YES;
				GCC_WARN_ABOUT_RETURN_TYPE = YES_ERROR;
				GCC_WARN_UNDECLARED_SELECTOR = YES;
				GCC_WARN_UNINITIALIZED_AUTOS = YES_AGGRESSIVE;
				GCC_WARN_UNUSED_FUNCTION = YES;
				GCC_WARN_UNUSED_VARIABLE = YES;
				IPHONEOS_DEPLOYMENT_TARGET = 12.1;
				MTL_ENABLE_DEBUG_INFO = INCLUDE_SOURCE;
				MTL_FAST_MATH = YES;
				ONLY_ACTIVE_ARCH = YES;
				SDKROOT = iphoneos;
				SWIFT_ACTIVE_COMPILATION_CONDITIONS = DEBUG;
				SWIFT_OPTIMIZATION_LEVEL = "-Onone";
			};
			name = Debug;
		};
		5B3F92132211840200423BA4 /* Release */ = {
			isa = XCBuildConfiguration;
			buildSettings = {
				ALWAYS_SEARCH_USER_PATHS = NO;
				CLANG_ANALYZER_NONNULL = YES;
				CLANG_ANALYZER_NUMBER_OBJECT_CONVERSION = YES_AGGRESSIVE;
				CLANG_CXX_LANGUAGE_STANDARD = "gnu++14";
				CLANG_CXX_LIBRARY = "libc++";
				CLANG_ENABLE_MODULES = YES;
				CLANG_ENABLE_OBJC_ARC = YES;
				CLANG_ENABLE_OBJC_WEAK = YES;
				CLANG_WARN_BLOCK_CAPTURE_AUTORELEASING = YES;
				CLANG_WARN_BOOL_CONVERSION = YES;
				CLANG_WARN_COMMA = YES;
				CLANG_WARN_CONSTANT_CONVERSION = YES;
				CLANG_WARN_DEPRECATED_OBJC_IMPLEMENTATIONS = YES;
				CLANG_WARN_DIRECT_OBJC_ISA_USAGE = YES_ERROR;
				CLANG_WARN_DOCUMENTATION_COMMENTS = YES;
				CLANG_WARN_EMPTY_BODY = YES;
				CLANG_WARN_ENUM_CONVERSION = YES;
				CLANG_WARN_INFINITE_RECURSION = YES;
				CLANG_WARN_INT_CONVERSION = YES;
				CLANG_WARN_NON_LITERAL_NULL_CONVERSION = YES;
				CLANG_WARN_OBJC_IMPLICIT_RETAIN_SELF = YES;
				CLANG_WARN_OBJC_LITERAL_CONVERSION = YES;
				CLANG_WARN_OBJC_ROOT_CLASS = YES_ERROR;
				CLANG_WARN_RANGE_LOOP_ANALYSIS = YES;
				CLANG_WARN_STRICT_PROTOTYPES = YES;
				CLANG_WARN_SUSPICIOUS_MOVE = YES;
				CLANG_WARN_UNGUARDED_AVAILABILITY = YES_AGGRESSIVE;
				CLANG_WARN_UNREACHABLE_CODE = YES;
				CLANG_WARN__DUPLICATE_METHOD_MATCH = YES;
				CODE_SIGN_IDENTITY = "iPhone Developer";
				COPY_PHASE_STRIP = NO;
				DEBUG_INFORMATION_FORMAT = "dwarf-with-dsym";
				ENABLE_NS_ASSERTIONS = NO;
				ENABLE_STRICT_OBJC_MSGSEND = YES;
				GCC_C_LANGUAGE_STANDARD = gnu11;
				GCC_NO_COMMON_BLOCKS = YES;
				GCC_WARN_64_TO_32_BIT_CONVERSION = YES;
				GCC_WARN_ABOUT_RETURN_TYPE = YES_ERROR;
				GCC_WARN_UNDECLARED_SELECTOR = YES;
				GCC_WARN_UNINITIALIZED_AUTOS = YES_AGGRESSIVE;
				GCC_WARN_UNUSED_FUNCTION = YES;
				GCC_WARN_UNUSED_VARIABLE = YES;
				IPHONEOS_DEPLOYMENT_TARGET = 12.1;
				MTL_ENABLE_DEBUG_INFO = NO;
				MTL_FAST_MATH = YES;
				SDKROOT = iphoneos;
				SWIFT_COMPILATION_MODE = wholemodule;
				SWIFT_OPTIMIZATION_LEVEL = "-O";
				VALIDATE_PRODUCT = YES;
			};
			name = Release;
		};
		5B3F92152211840200423BA4 /* Debug */ = {
			isa = XCBuildConfiguration;
			baseConfigurationReference = 70623929E92AC85ECACCD6E9 /* Pods-OpenWeather.debug.xcconfig */;
			buildSettings = {
				ASSETCATALOG_COMPILER_APPICON_NAME = AppIcon;
				CODE_SIGN_STYLE = Automatic;
				DEVELOPMENT_TEAM = Q5T5577K79;
				INFOPLIST_FILE = OpenWeather/Info.plist;
				LD_RUNPATH_SEARCH_PATHS = (
					"$(inherited)",
					"@executable_path/Frameworks",
				);
				PRODUCT_BUNDLE_IDENTIFIER = br.com.weather.OpenWeather;
				PRODUCT_NAME = "$(TARGET_NAME)";
				SWIFT_VERSION = 4.2;
				TARGETED_DEVICE_FAMILY = "1,2";
			};
			name = Debug;
		};
		5B3F92162211840200423BA4 /* Release */ = {
			isa = XCBuildConfiguration;
			baseConfigurationReference = FE345AF8B51F191B9DA89C7F /* Pods-OpenWeather.release.xcconfig */;
			buildSettings = {
				ASSETCATALOG_COMPILER_APPICON_NAME = AppIcon;
				CODE_SIGN_STYLE = Automatic;
				DEVELOPMENT_TEAM = Q5T5577K79;
				INFOPLIST_FILE = OpenWeather/Info.plist;
				LD_RUNPATH_SEARCH_PATHS = (
					"$(inherited)",
					"@executable_path/Frameworks",
				);
				PRODUCT_BUNDLE_IDENTIFIER = br.com.weather.OpenWeather;
				PRODUCT_NAME = "$(TARGET_NAME)";
				SWIFT_VERSION = 4.2;
				TARGETED_DEVICE_FAMILY = "1,2";
			};
			name = Release;
		};
		5B3F92182211840200423BA4 /* Debug */ = {
			isa = XCBuildConfiguration;
			baseConfigurationReference = 2D168BC0623E08ACEE76ECFA /* Pods-OpenWeatherTests.debug.xcconfig */;
			buildSettings = {
				ALWAYS_EMBED_SWIFT_STANDARD_LIBRARIES = YES;
				BUNDLE_LOADER = "$(TEST_HOST)";
				CODE_SIGN_STYLE = Automatic;
				DEVELOPMENT_TEAM = Q5T5577K79;
				INFOPLIST_FILE = OpenWeatherTests/Info.plist;
				LD_RUNPATH_SEARCH_PATHS = (
					"$(inherited)",
					"@executable_path/Frameworks",
					"@loader_path/Frameworks",
				);
				PRODUCT_BUNDLE_IDENTIFIER = br.com.weather.OpenWeatherTests;
				PRODUCT_NAME = "$(TARGET_NAME)";
				SWIFT_VERSION = 4.2;
				TARGETED_DEVICE_FAMILY = "1,2";
				TEST_HOST = "$(BUILT_PRODUCTS_DIR)/OpenWeather.app/OpenWeather";
			};
			name = Debug;
		};
		5B3F92192211840200423BA4 /* Release */ = {
			isa = XCBuildConfiguration;
			baseConfigurationReference = BEBAA99492AD26043A6531F1 /* Pods-OpenWeatherTests.release.xcconfig */;
			buildSettings = {
				ALWAYS_EMBED_SWIFT_STANDARD_LIBRARIES = YES;
				BUNDLE_LOADER = "$(TEST_HOST)";
				CODE_SIGN_STYLE = Automatic;
				DEVELOPMENT_TEAM = Q5T5577K79;
				INFOPLIST_FILE = OpenWeatherTests/Info.plist;
				LD_RUNPATH_SEARCH_PATHS = (
					"$(inherited)",
					"@executable_path/Frameworks",
					"@loader_path/Frameworks",
				);
				PRODUCT_BUNDLE_IDENTIFIER = br.com.weather.OpenWeatherTests;
				PRODUCT_NAME = "$(TARGET_NAME)";
				SWIFT_VERSION = 4.2;
				TARGETED_DEVICE_FAMILY = "1,2";
				TEST_HOST = "$(BUILT_PRODUCTS_DIR)/OpenWeather.app/OpenWeather";
			};
			name = Release;
		};
		5B3F921B2211840200423BA4 /* Debug */ = {
			isa = XCBuildConfiguration;
			baseConfigurationReference = D5482E5FF16299FB76616515 /* Pods-OpenWeatherUITests.debug.xcconfig */;
			buildSettings = {
				ALWAYS_EMBED_SWIFT_STANDARD_LIBRARIES = YES;
				CODE_SIGN_STYLE = Automatic;
				DEVELOPMENT_TEAM = Q5T5577K79;
				INFOPLIST_FILE = OpenWeatherUITests/Info.plist;
				LD_RUNPATH_SEARCH_PATHS = (
					"$(inherited)",
					"@executable_path/Frameworks",
					"@loader_path/Frameworks",
				);
				PRODUCT_BUNDLE_IDENTIFIER = br.com.weather.OpenWeatherUITests;
				PRODUCT_NAME = "$(TARGET_NAME)";
				SWIFT_VERSION = 4.2;
				TARGETED_DEVICE_FAMILY = "1,2";
				TEST_TARGET_NAME = OpenWeather;
			};
			name = Debug;
		};
		5B3F921C2211840200423BA4 /* Release */ = {
			isa = XCBuildConfiguration;
			baseConfigurationReference = 50D99413EBB6EC853BF6D958 /* Pods-OpenWeatherUITests.release.xcconfig */;
			buildSettings = {
				ALWAYS_EMBED_SWIFT_STANDARD_LIBRARIES = YES;
				CODE_SIGN_STYLE = Automatic;
				DEVELOPMENT_TEAM = Q5T5577K79;
				INFOPLIST_FILE = OpenWeatherUITests/Info.plist;
				LD_RUNPATH_SEARCH_PATHS = (
					"$(inherited)",
					"@executable_path/Frameworks",
					"@loader_path/Frameworks",
				);
				PRODUCT_BUNDLE_IDENTIFIER = br.com.weather.OpenWeatherUITests;
				PRODUCT_NAME = "$(TARGET_NAME)";
				SWIFT_VERSION = 4.2;
				TARGETED_DEVICE_FAMILY = "1,2";
				TEST_TARGET_NAME = OpenWeather;
			};
			name = Release;
		};
/* End XCBuildConfiguration section */

/* Begin XCConfigurationList section */
		5B3F91E72211840100423BA4 /* Build configuration list for PBXProject "OpenWeather" */ = {
			isa = XCConfigurationList;
			buildConfigurations = (
				5B3F92122211840200423BA4 /* Debug */,
				5B3F92132211840200423BA4 /* Release */,
			);
			defaultConfigurationIsVisible = 0;
			defaultConfigurationName = Release;
		};
		5B3F92142211840200423BA4 /* Build configuration list for PBXNativeTarget "OpenWeather" */ = {
			isa = XCConfigurationList;
			buildConfigurations = (
				5B3F92152211840200423BA4 /* Debug */,
				5B3F92162211840200423BA4 /* Release */,
			);
			defaultConfigurationIsVisible = 0;
			defaultConfigurationName = Release;
		};
		5B3F92172211840200423BA4 /* Build configuration list for PBXNativeTarget "OpenWeatherTests" */ = {
			isa = XCConfigurationList;
			buildConfigurations = (
				5B3F92182211840200423BA4 /* Debug */,
				5B3F92192211840200423BA4 /* Release */,
			);
			defaultConfigurationIsVisible = 0;
			defaultConfigurationName = Release;
		};
		5B3F921A2211840200423BA4 /* Build configuration list for PBXNativeTarget "OpenWeatherUITests" */ = {
			isa = XCConfigurationList;
			buildConfigurations = (
				5B3F921B2211840200423BA4 /* Debug */,
				5B3F921C2211840200423BA4 /* Release */,
			);
			defaultConfigurationIsVisible = 0;
			defaultConfigurationName = Release;
		};
/* End XCConfigurationList section */
	};
	rootObject = 5B3F91E42211840100423BA4 /* Project object */;
}
