PODS:
  - Alamofire (4.8.1)
  - Kingfisher (5.1.1)
  - Unbox (3.0.0)

DEPENDENCIES:
  - Alamofire (~> 4.4)
  - Kingfisher
  - Unbox

SPEC REPOS:
  https://github.com/cocoapods/specs.git:
    - Alamofire
    - Kingfisher
    - Unbox

SPEC CHECKSUMS:
  Alamofire: 16ce2c353fb72865124ddae8a57c5942388f4f11
  Kingfisher: 2558186963e5be42d98c5b110ccb3130148b77e4
  Unbox: 9ed33b2a31f7a8a049f54b94d40c4a52a28c4d9d

PODFILE CHECKSUM: 0334584a01b690506f4c802c66a7fc85924180b3

COCOAPODS: 1.5.3
